
Microsoft Visual Studio Solution File, Format Version 12.00
# Visual Studio Version 17
VisualStudioVersion = 17.2.32526.322
MinimumVisualStudioVersion = 10.0.40219.1
Project("{FAE04EC0-301F-11D3-BF4B-00C04F79EFBC}") = "SymmetricAlgorithms Ignatev", "SymmetricAlgorithms Ignatev.csproj", "{DF09CE36-B1A1-4068-854D-A21AEEFE9C44}"
EndProject
Global
	GlobalSection(SolutionConfigurationPlatforms) = preSolution
		Debug|Any CPU = Debug|Any CPU
		Release|Any CPU = Release|Any CPU
	EndGlobalSection
	GlobalSection(ProjectConfigurationPlatforms) = postSolution
		{DF09CE36-B1A1-4068-854D-A21AEEFE9C44}.Debug|Any CPU.ActiveCfg = Debug|Any CPU
		{DF09CE36-B1A1-4068-854D-A21AEEFE9C44}.Debug|Any CPU.Build.0 = Debug|Any CPU
		{DF09CE36-B1A1-4068-854D-A21AEEFE9C44}.Release|Any CPU.ActiveCfg = Release|Any CPU
		{DF09CE36-B1A1-4068-854D-A21AEEFE9C44}.Release|Any CPU.Build.0 = Release|Any CPU
	EndGlobalSection
	GlobalSection(SolutionProperties) = preSolution
		HideSolutionNode = FALSE
	EndGlobalSection
	GlobalSection(ExtensibilityGlobals) = postSolution
		SolutionGuid = {42E60DE1-4BF9-4685-9C05-65876FD932FC}
	EndGlobalSection
EndGlobal
